{
  "name": "link-preview",
  "version": "0.0.0",
  "lockfileVersion": 3,
  "requires": true,
  "packages": {
    "": {
      "name": "link-preview",
      "version": "0.0.0",
      "license": "MIT",
      "dependencies": {
        "@lion/ui": "^0.7.5",
        "lit": "^3.1.4"
      },
      "devDependencies": {}
    },
    "node_modules/@bundled-es-modules/message-format": {
      "version": "6.2.4",
      "resolved": "https://registry.npmjs.org/@bundled-es-modules/message-format/-/message-format-6.2.4.tgz",
      "integrity": "sha512-NBaIEUCzSjLZjrsmSOh8PJLqQjSpXVuekIOuUT8tt4N/FdtAavWsC1YinIqIrbRnkBqV90OxgKzsxhFCzETQBw=="
    },
    "node_modules/@lion/ui": {
      "version": "0.7.5",
      "resolved": "https://registry.npmjs.org/@lion/ui/-/ui-0.7.5.tgz",
      "integrity": "sha512-odrkOTv7smdgUWhlmdN5QYWSN48MauI3uuKsZuXaJqFy2L0cKd4SrLMf/sUxpQnTN2UmqRK92dBCWV/M969Lxw==",
      "license": "MIT",
      "dependencies": {
        "@bundled-es-modules/message-format": "^6.2.4",
        "@open-wc/dedupe-mixin": "^1.4.0",
        "@open-wc/scoped-elements": "^3.0.5",
        "@popperjs/core": "^2.11.8",
        "autosize": "^6.0.0",
        "awesome-phonenumber": "^6.4.0",
        "ibantools": "^4.3.9",
        "lit": "^3.1.2",
        "singleton-manager": "^1.7.0"
      }
    },
    "node_modules/@lit-labs/ssr-dom-shim": {
      "version": "1.2.0",
      "resolved": "https://registry.npmjs.org/@lit-labs/ssr-dom-shim/-/ssr-dom-shim-1.2.0.tgz",
      "integrity": "sha512-yWJKmpGE6lUURKAaIltoPIE/wrbY3TEkqQt+X0m+7fQNnAv0keydnYvbiJFP1PnMhizmIWRWOG5KLhYyc/xl+g==",
      "license": "BSD-3-Clause"
    },
    "node_modules/@lit/reactive-element": {
      "version": "2.0.4",
      "resolved": "https://registry.npmjs.org/@lit/reactive-element/-/reactive-element-2.0.4.tgz",
      "integrity": "sha512-GFn91inaUa2oHLak8awSIigYz0cU0Payr1rcFsrkf5OJ5eSPxElyZfKh0f2p9FsTiZWXQdWGJeXZICEfXXYSXQ==",
      "license": "BSD-3-Clause",
      "dependencies": {
        "@lit-labs/ssr-dom-shim": "^1.2.0"
      }
    },
    "node_modules/@open-wc/dedupe-mixin": {
      "version": "1.4.0",
      "resolved": "https://registry.npmjs.org/@open-wc/dedupe-mixin/-/dedupe-mixin-1.4.0.tgz",
      "integrity": "sha512-Sj7gKl1TLcDbF7B6KUhtvr+1UCxdhMbNY5KxdU5IfMFWqL8oy1ZeAcCANjoB1TL0AJTcPmcCFsCbHf8X2jGDUA==",
      "license": "MIT"
    },
    "node_modules/@open-wc/scoped-elements": {
      "version": "3.0.5",
      "resolved": "https://registry.npmjs.org/@open-wc/scoped-elements/-/scoped-elements-3.0.5.tgz",
      "integrity": "sha512-q4U+hFTQQRyorJILOpmBm6PY2hgjCnQe214nXJNjbJMQ9EvT55oyZ7C8BY5aFYJkytUyBoawlMpZt4F2xjdzHw==",
      "license": "MIT",
      "dependencies": {
        "@open-wc/dedupe-mixin": "^1.4.0",
        "lit": "^3.0.0"
      }
    },
    "node_modules/@popperjs/core": {
      "version": "2.11.8",
      "resolved": "https://registry.npmjs.org/@popperjs/core/-/core-2.11.8.tgz",
      "integrity": "sha512-P1st0aksCrn9sGZhp8GMYwBnQsbvAWsZAX44oXNNvLHGqAOcoVxmjZiohstwQ7SqKnbR47akdNi+uleWD8+g6A==",
      "license": "MIT",
      "funding": {
        "type": "opencollective",
        "url": "https://opencollective.com/popperjs"
      }
    },
    "node_modules/@types/trusted-types": {
      "version": "2.0.7",
      "resolved": "https://registry.npmjs.org/@types/trusted-types/-/trusted-types-2.0.7.tgz",
      "integrity": "sha512-ScaPdn1dQczgbl0QFTeTOmVHFULt394XJgOQNoyVhZ6r2vLnMLJfBPd53SB52T/3G36VI1/g2MZaX0cwDuXsfw==",
      "license": "MIT"
    },
    "node_modules/autosize": {
      "version": "6.0.1",
      "resolved": "https://registry.npmjs.org/autosize/-/autosize-6.0.1.tgz",
      "integrity": "sha512-f86EjiUKE6Xvczc4ioP1JBlWG7FKrE13qe/DxBCpe8GCipCq2nFw73aO8QEBKHfSbYGDN5eB9jXWKen7tspDqQ==",
      "license": "MIT"
    },
    "node_modules/awesome-phonenumber": {
      "version": "6.10.0",
      "resolved": "https://registry.npmjs.org/awesome-phonenumber/-/awesome-phonenumber-6.10.0.tgz",
      "integrity": "sha512-nLzMoIWl7cP/1xL7ErlT3+zoGu9S/nbdZ89HdLwiW75U4tV26vaDkFQiz6QdIm5SWRY+BmI5LN9+HiiqFHHq8Q==",
      "license": "MIT",
      "workspaces": [
        "webpack",
        "cjs-test",
        "esm-test"
      ],
      "engines": {
        "node": ">=18"
      }
    },
    "node_modules/ibantools": {
      "version": "4.5.1",
      "resolved": "https://registry.npmjs.org/ibantools/-/ibantools-4.5.1.tgz",
      "integrity": "sha512-DfKQpLlFq9yEUIEnFuCJzss3XavD7iHZTU5PyqXiAJ+rmaMp+NFP3hboumHKuK8nZjuOJg93WemTzcQ5b9jOZA==",
      "license": "MIT or MPL-2.0"
    },
    "node_modules/lit": {
      "version": "3.1.4",
      "resolved": "https://registry.npmjs.org/lit/-/lit-3.1.4.tgz",
      "integrity": "sha512-q6qKnKXHy2g1kjBaNfcoLlgbI3+aSOZ9Q4tiGa9bGYXq5RBXxkVTqTIVmP2VWMp29L4GyvCFm8ZQ2o56eUAMyA==",
      "license": "BSD-3-Clause",
      "dependencies": {
        "@lit/reactive-element": "^2.0.4",
        "lit-element": "^4.0.4",
        "lit-html": "^3.1.2"
      }
    },
    "node_modules/lit-element": {
      "version": "4.0.6",
      "resolved": "https://registry.npmjs.org/lit-element/-/lit-element-4.0.6.tgz",
      "integrity": "sha512-U4sdJ3CSQip7sLGZ/uJskO5hGiqtlpxndsLr6mt3IQIjheg93UKYeGQjWMRql1s/cXNOaRrCzC2FQwjIwSUqkg==",
      "license": "BSD-3-Clause",
      "dependencies": {
        "@lit-labs/ssr-dom-shim": "^1.2.0",
        "@lit/reactive-element": "^2.0.4",
        "lit-html": "^3.1.2"
      }
    },
    "node_modules/lit-html": {
      "version": "3.1.4",
      "resolved": "https://registry.npmjs.org/lit-html/-/lit-html-3.1.4.tgz",
      "integrity": "sha512-yKKO2uVv7zYFHlWMfZmqc+4hkmSbFp8jgjdZY9vvR9jr4J8fH6FUMXhr+ljfELgmjpvlF7Z1SJ5n5/Jeqtc9YA==",
      "license": "BSD-3-Clause",
      "dependencies": {
        "@types/trusted-types": "^2.0.2"
      }
    },
    "node_modules/singleton-manager": {
      "version": "1.7.0",
      "resolved": "https://registry.npmjs.org/singleton-manager/-/singleton-manager-1.7.0.tgz",
      "integrity": "sha512-xbvNhwEvlu4UxLtOiBigtdNjXzIiqft3+BKWSgjhPQswXv0Qjm43zIHn1RDpCC2c0P3tuZHin7JttZGA+uMTcQ==",
      "license": "MIT"
    }
  }
}
